<?xml version="1.0" encoding="utf-8"?>
<Project ToolsVersion="4.0" xmlns="http://schemas.microsoft.com/developer/msbuild/2003">
  <ItemGroup>
    <ClCompile Include="dllmain.cpp" />
    <ClCompile Include="GameInfo\GameInfo.cpp">
      <Filter>GameInfo</Filter>
    </ClCompile>
    <ClCompile Include="Memory\mem.cpp">
      <Filter>Memory</Filter>
    </ClCompile>
    <ClCompile Include="Memory\CoreModLoader.cpp">
      <Filter>Memory</Filter>
    </ClCompile>
    <ClCompile Include="Mod\Mod.cpp">
      <Filter>Mod</Filter>
    </ClCompile>
    <ClCompile Include="Utilities\Dumper.cpp">
      <Filter>Utilities</Filter>
    </ClCompile>
    <ClCompile Include="Utilities\EngineDefFinder.cpp">
      <Filter>Utilities</Filter>
    </ClCompile>
    <ClCompile Include="Utilities\Globals.cpp">
      <Filter>Utilities</Filter>
    </ClCompile>
    <ClCompile Include="Utilities\Logger.cpp">
      <Filter>Utilities</Filter>
    </ClCompile>
    <ClCompile Include="PakLoader\PakLoader.cpp">
      <Filter>PakLoader</Filter>
    </ClCompile>
    <ClCompile Include="UE4\Basic\Basic.cpp">
      <Filter>UE4\Basic</Filter>
    </ClCompile>
    <ClCompile Include="UE4\CoreUObject\CoreUObject_functions.cpp">
      <Filter>UE4\CoreUObject</Filter>
    </ClCompile>
    <ClCompile Include="UI\Hooks.cpp">
      <Filter>UI</Filter>
    </ClCompile>
    <ClCompile Include="UI\LoaderUI.cpp">
      <Filter>UI</Filter>
    </ClCompile>
  </ItemGroup>
  <ItemGroup>
    <ClInclude Include="UMLDefs.h" />
    <ClInclude Include="GameInfo\GameInfo.h">
      <Filter>GameInfo</Filter>
    </ClInclude>
    <ClInclude Include="Memory\CoreModLoader.h">
      <Filter>Memory</Filter>
    </ClInclude>
    <ClInclude Include="Memory\mem.h">
      <Filter>Memory</Filter>
    </ClInclude>
    <ClInclude Include="Mod\Mod.h">
      <Filter>Mod</Filter>
    </ClInclude>
    <ClInclude Include="Utilities\Dumper.h">
      <Filter>Utilities</Filter>
    </ClInclude>
    <ClInclude Include="Utilities\EngineDefFinder.h">
      <Filter>Utilities</Filter>
    </ClInclude>
    <ClInclude Include="Utilities\Globals.h">
      <Filter>Utilities</Filter>
    </ClInclude>
    <ClInclude Include="Utilities\Logger.h">
      <Filter>Utilities</Filter>
    </ClInclude>
    <ClInclude Include="Utilities\MinHook.h">
      <Filter>Utilities</Filter>
    </ClInclude>
    <ClInclude Include="Utilities\Pattern.h">
      <Filter>Utilities</Filter>
    </ClInclude>
    <ClInclude Include="Version.h" />
    <ClInclude Include="PakLoader\PakLoader.h">
      <Filter>PakLoader</Filter>
    </ClInclude>
    <ClInclude Include="UE4\UE4.hpp">
      <Filter>UE4</Filter>
    </ClInclude>
    <ClInclude Include="UE4\Basic\Basic.hpp">
      <Filter>UE4\Basic</Filter>
    </ClInclude>
    <ClInclude Include="UE4\CoreUObject\CoreUObject_classes.hpp">
      <Filter>UE4\CoreUObject</Filter>
    </ClInclude>
    <ClInclude Include="UI\Hooks.h">
      <Filter>UI</Filter>
    </ClInclude>
    <ClInclude Include="UI\LoaderUI.h">
      <Filter>UI</Filter>
    </ClInclude>
    <ClInclude Include="UI\EventSystem.h">
      <Filter>UI</Filter>
    </ClInclude>
    <ClInclude Include="Utilities\INI.h">
      <Filter>Utilities</Filter>
    </ClInclude>
  </ItemGroup>
  <ItemGroup>
    <Filter Include="PakLoader">
      <UniqueIdentifier>{6ae182a3-86be-4ee0-9bcf-3898a8d988cb}</UniqueIdentifier>
    </Filter>
    <Filter Include="UE4">
      <UniqueIdentifier>{17ba4ebd-10d9-4b95-9ec5-97ef225f25d3}</UniqueIdentifier>
    </Filter>
    <Filter Include="UE4\Basic">
      <UniqueIdentifier>{3fd3f116-c97c-4a6f-9ede-db4304379fed}</UniqueIdentifier>
    </Filter>
    <Filter Include="UE4\CoreUObject">
      <UniqueIdentifier>{959f0b3a-1be2-47fa-95f8-977d42f65c08}</UniqueIdentifier>
    </Filter>
    <Filter Include="GameInfo">
      <UniqueIdentifier>{65e237e0-9bcc-4390-b338-d7becd2a00c4}</UniqueIdentifier>
    </Filter>
    <Filter Include="Memory">
      <UniqueIdentifier>{a55dac18-b859-4646-8f3c-be721eae1c20}</UniqueIdentifier>
    </Filter>
    <Filter Include="Mod">
      <UniqueIdentifier>{38d8c27d-1e16-4078-9d19-b35f4605ac51}</UniqueIdentifier>
    </Filter>
    <Filter Include="Utilities">
      <UniqueIdentifier>{4707aa70-2ec9-4cad-afaa-13fee26d4af0}</UniqueIdentifier>
    </Filter>
    <Filter Include="UI">
      <UniqueIdentifier>{72fbe691-7fd2-4e5b-96b9-1ab1e67ea781}</UniqueIdentifier>
    </Filter>
  </ItemGroup>
</Project>